// !$*UTF8*$!
{
	archiveVersion = 1;
	classes = {
	};
	objectVersion = 51;
	objects = {

/* Begin PBXBuildFile section */
		217476CAA31A6355A0DC2F3E /* Pods_DailyCal.framework in Frameworks */ = {isa = PBXBuildFile; fileRef = 354EDE2481E37E173DDB2721 /* Pods_DailyCal.framework */; };
		6719489324CAD34700C3F5A6 /* README.md in Resources */ = {isa = PBXBuildFile; fileRef = 6719489224CAD34700C3F5A6 /* README.md */; };
		6719489524CB05D600C3F5A6 /* Date+Addition.swift in Sources */ = {isa = PBXBuildFile; fileRef = 6719489424CB05D600C3F5A6 /* Date+Addition.swift */; };
		6719489724CB0D3D00C3F5A6 /* ViewController+UITableViewDelegate.swift in Sources */ = {isa = PBXBuildFile; fileRef = 6719489624CB0D3D00C3F5A6 /* ViewController+UITableViewDelegate.swift */; };
		671948A124D5748700C3F5A6 /* CalendarListViewController.swift in Sources */ = {isa = PBXBuildFile; fileRef = 671948A024D5748700C3F5A6 /* CalendarListViewController.swift */; };
		671948A324D576C000C3F5A6 /* CalendarListViewController+UITableViewDelegate.swift in Sources */ = {isa = PBXBuildFile; fileRef = 671948A224D576C000C3F5A6 /* CalendarListViewController+UITableViewDelegate.swift */; };
		67D6497D24669010002EA505 /* AppDelegate.swift in Sources */ = {isa = PBXBuildFile; fileRef = 67D6497C24669010002EA505 /* AppDelegate.swift */; };
		67D6497F24669010002EA505 /* SceneDelegate.swift in Sources */ = {isa = PBXBuildFile; fileRef = 67D6497E24669010002EA505 /* SceneDelegate.swift */; };
		67D6498124669010002EA505 /* ViewController.swift in Sources */ = {isa = PBXBuildFile; fileRef = 67D6498024669010002EA505 /* ViewController.swift */; };
		67D6498424669010002EA505 /* Main.storyboard in Resources */ = {isa = PBXBuildFile; fileRef = 67D6498224669010002EA505 /* Main.storyboard */; };
		67D6498624669011002EA505 /* Assets.xcassets in Resources */ = {isa = PBXBuildFile; fileRef = 67D6498524669011002EA505 /* Assets.xcassets */; };
		67D6498924669011002EA505 /* LaunchScreen.storyboard in Resources */ = {isa = PBXBuildFile; fileRef = 67D6498724669011002EA505 /* LaunchScreen.storyboard */; };
		67D64991246698D3002EA505 /* TableViewCell.xib in Resources */ = {isa = PBXBuildFile; fileRef = 67D64990246698D3002EA505 /* TableViewCell.xib */; };
		67D64993246698E3002EA505 /* TableViewCell.swift in Sources */ = {isa = PBXBuildFile; fileRef = 67D64992246698E3002EA505 /* TableViewCell.swift */; };
/* End PBXBuildFile section */

/* Begin PBXFileReference section */
		106725485CA4490C83A41934 /* Pods-DailyCal.release.xcconfig */ = {isa = PBXFileReference; includeInIndex = 1; lastKnownFileType = text.xcconfig; name = "Pods-DailyCal.release.xcconfig"; path = "Target Support Files/Pods-DailyCal/Pods-DailyCal.release.xcconfig"; sourceTree = "<group>"; };
		1D45520BA290594DFA3FE652 /* Pods-DailyCal.debug.xcconfig */ = {isa = PBXFileReference; includeInIndex = 1; lastKnownFileType = text.xcconfig; name = "Pods-DailyCal.debug.xcconfig"; path = "Target Support Files/Pods-DailyCal/Pods-DailyCal.debug.xcconfig"; sourceTree = "<group>"; };
		354EDE2481E37E173DDB2721 /* Pods_DailyCal.framework */ = {isa = PBXFileReference; explicitFileType = wrapper.framework; includeInIndex = 0; path = Pods_DailyCal.framework; sourceTree = BUILT_PRODUCTS_DIR; };
		6719489224CAD34700C3F5A6 /* README.md */ = {isa = PBXFileReference; fileEncoding = 4; lastKnownFileType = net.daringfireball.markdown; path = README.md; sourceTree = "<group>"; };
		6719489424CB05D600C3F5A6 /* Date+Addition.swift */ = {isa = PBXFileReference; lastKnownFileType = sourcecode.swift; path = "Date+Addition.swift"; sourceTree = "<group>"; };
		6719489624CB0D3D00C3F5A6 /* ViewController+UITableViewDelegate.swift */ = {isa = PBXFileReference; lastKnownFileType = sourcecode.swift; path = "ViewController+UITableViewDelegate.swift"; sourceTree = "<group>"; };
		6719489D24D570F000C3F5A6 /* CalendarListTableViewCell.swift */ = {isa = PBXFileReference; lastKnownFileType = sourcecode.swift; path = CalendarListTableViewCell.swift; sourceTree = "<group>"; };
		6719489E24D570F000C3F5A6 /* CalendarListTableViewCell.xib */ = {isa = PBXFileReference; lastKnownFileType = file.xib; path = CalendarListTableViewCell.xib; sourceTree = "<group>"; };
		671948A024D5748700C3F5A6 /* CalendarListViewController.swift */ = {isa = PBXFileReference; lastKnownFileType = sourcecode.swift; path = CalendarListViewController.swift; sourceTree = "<group>"; };
		671948A224D576C000C3F5A6 /* CalendarListViewController+UITableViewDelegate.swift */ = {isa = PBXFileReference; lastKnownFileType = sourcecode.swift; path = "CalendarListViewController+UITableViewDelegate.swift"; sourceTree = "<group>"; };
		67D6497924669010002EA505 /* DailyCal.app */ = {isa = PBXFileReference; explicitFileType = wrapper.application; includeInIndex = 0; path = DailyCal.app; sourceTree = BUILT_PRODUCTS_DIR; };
		67D6497C24669010002EA505 /* AppDelegate.swift */ = {isa = PBXFileReference; lastKnownFileType = sourcecode.swift; path = AppDelegate.swift; sourceTree = "<group>"; };
		67D6497E24669010002EA505 /* SceneDelegate.swift */ = {isa = PBXFileReference; lastKnownFileType = sourcecode.swift; path = SceneDelegate.swift; sourceTree = "<group>"; };
		67D6498024669010002EA505 /* ViewController.swift */ = {isa = PBXFileReference; lastKnownFileType = sourcecode.swift; path = ViewController.swift; sourceTree = "<group>"; };
		67D6498324669010002EA505 /* Base */ = {isa = PBXFileReference; lastKnownFileType = file.storyboard; name = Base; path = Base.lproj/Main.storyboard; sourceTree = "<group>"; };
		67D6498524669011002EA505 /* Assets.xcassets */ = {isa = PBXFileReference; lastKnownFileType = folder.assetcatalog; path = Assets.xcassets; sourceTree = "<group>"; };
		67D6498824669011002EA505 /* Base */ = {isa = PBXFileReference; lastKnownFileType = file.storyboard; name = Base; path = Base.lproj/LaunchScreen.storyboard; sourceTree = "<group>"; };
		67D6498A24669011002EA505 /* Info.plist */ = {isa = PBXFileReference; lastKnownFileType = text.plist.xml; path = Info.plist; sourceTree = "<group>"; };
		67D64990246698D3002EA505 /* TableViewCell.xib */ = {isa = PBXFileReference; lastKnownFileType = file.xib; path = TableViewCell.xib; sourceTree = "<group>"; };
		67D64992246698E3002EA505 /* TableViewCell.swift */ = {isa = PBXFileReference; lastKnownFileType = sourcecode.swift; path = TableViewCell.swift; sourceTree = "<group>"; };
/* End PBXFileReference section */

/* Begin PBXFrameworksBuildPhase section */
		67D6497624669010002EA505 /* Frameworks */ = {
			isa = PBXFrameworksBuildPhase;
			buildActionMask = 2147483647;
			files = (
				217476CAA31A6355A0DC2F3E /* Pods_DailyCal.framework in Frameworks */,
			);
			runOnlyForDeploymentPostprocessing = 0;
		};
/* End PBXFrameworksBuildPhase section */

/* Begin PBXGroup section */
		0944AE1A09B8CD2C30D456E0 /* Pods */ = {
			isa = PBXGroup;
			children = (
				1D45520BA290594DFA3FE652 /* Pods-DailyCal.debug.xcconfig */,
				106725485CA4490C83A41934 /* Pods-DailyCal.release.xcconfig */,
			);
			path = Pods;
			sourceTree = "<group>";
		};
		6719489F24D570F000C3F5A6 /* CalendarListTableViewCell */ = {
			isa = PBXGroup;
			children = (
				6719489D24D570F000C3F5A6 /* CalendarListTableViewCell.swift */,
				6719489E24D570F000C3F5A6 /* CalendarListTableViewCell.xib */,
			);
			name = CalendarListTableViewCell;
			path = ..;
			sourceTree = "<group>";
		};
		67D6497024669010002EA505 = {
			isa = PBXGroup;
			children = (
				6719489224CAD34700C3F5A6 /* README.md */,
				67D6497B24669010002EA505 /* DailyCal */,
				67D6497A24669010002EA505 /* Products */,
				0944AE1A09B8CD2C30D456E0 /* Pods */,
				CE6E697C930364816E00B9AD /* Frameworks */,
			);
			sourceTree = "<group>";
		};
		67D6497A24669010002EA505 /* Products */ = {
			isa = PBXGroup;
			children = (
				67D6497924669010002EA505 /* DailyCal.app */,
			);
			name = Products;
			sourceTree = "<group>";
		};
		67D6497B24669010002EA505 /* DailyCal */ = {
			isa = PBXGroup;
			children = (
				67D6497C24669010002EA505 /* AppDelegate.swift */,
				6719489424CB05D600C3F5A6 /* Date+Addition.swift */,
				67D6497E24669010002EA505 /* SceneDelegate.swift */,
				67D6498224669010002EA505 /* Main.storyboard */,
				67D6498024669010002EA505 /* ViewController.swift */,
				671948A024D5748700C3F5A6 /* CalendarListViewController.swift */,
				6719489624CB0D3D00C3F5A6 /* ViewController+UITableViewDelegate.swift */,
				671948A224D576C000C3F5A6 /* CalendarListViewController+UITableViewDelegate.swift */,
				67D64994246698EA002EA505 /* TableViewCell */,
				6719489F24D570F000C3F5A6 /* CalendarListTableViewCell */,
				67D6498524669011002EA505 /* Assets.xcassets */,
				67D6498724669011002EA505 /* LaunchScreen.storyboard */,
				67D6498A24669011002EA505 /* Info.plist */,
			);
			path = DailyCal;
			sourceTree = "<group>";
		};
		67D64994246698EA002EA505 /* TableViewCell */ = {
			isa = PBXGroup;
			children = (
				67D64992246698E3002EA505 /* TableViewCell.swift */,
				67D64990246698D3002EA505 /* TableViewCell.xib */,
			);
			path = TableViewCell;
			sourceTree = "<group>";
		};
		CE6E697C930364816E00B9AD /* Frameworks */ = {
			isa = PBXGroup;
			children = (
				354EDE2481E37E173DDB2721 /* Pods_DailyCal.framework */,
			);
			name = Frameworks;
			sourceTree = "<group>";
		};
/* End PBXGroup section */

/* Begin PBXNativeTarget section */
		67D6497824669010002EA505 /* DailyCal */ = {
			isa = PBXNativeTarget;
			buildConfigurationList = 67D6498D24669011002EA505 /* Build configuration list for PBXNativeTarget "DailyCal" */;
			buildPhases = (
				D1C3A92B3731D454F82C0A2F /* [CP] Check Pods Manifest.lock */,
				67D6497524669010002EA505 /* Sources */,
				67D6497624669010002EA505 /* Frameworks */,
				67D6497724669010002EA505 /* Resources */,
				321F39A6204D6F82A486E0DD /* [CP] Embed Pods Frameworks */,
				54ECAD011D6DADC1D9AE0164 /* [CP] Copy Pods Resources */,
			);
			buildRules = (
			);
			dependencies = (
			);
			name = DailyCal;
			productName = DailyCal;
			productReference = 67D6497924669010002EA505 /* DailyCal.app */;
			productType = "com.apple.product-type.application";
		};
/* End PBXNativeTarget section */

/* Begin PBXProject section */
		67D6497124669010002EA505 /* Project object */ = {
			isa = PBXProject;
			attributes = {
				LastSwiftUpdateCheck = 1130;
				LastUpgradeCheck = 1130;
				ORGANIZATIONNAME = Nyago;
				TargetAttributes = {
					67D6497824669010002EA505 = {
						CreatedOnToolsVersion = 11.3;
					};
				};
			};
			buildConfigurationList = 67D6497424669010002EA505 /* Build configuration list for PBXProject "DailyCal" */;
			compatibilityVersion = "Xcode 9.3";
			developmentRegion = en;
			hasScannedForEncodings = 0;
			knownRegions = (
				en,
				Base,
			);
			mainGroup = 67D6497024669010002EA505;
			productRefGroup = 67D6497A24669010002EA505 /* Products */;
			projectDirPath = "";
			projectRoot = "";
			targets = (
				67D6497824669010002EA505 /* DailyCal */,
			);
		};
/* End PBXProject section */

/* Begin PBXResourcesBuildPhase section */
		67D6497724669010002EA505 /* Resources */ = {
			isa = PBXResourcesBuildPhase;
			buildActionMask = 2147483647;
			files = (
				67D6498924669011002EA505 /* LaunchScreen.storyboard in Resources */,
				67D64991246698D3002EA505 /* TableViewCell.xib in Resources */,
				6719489324CAD34700C3F5A6 /* README.md in Resources */,
				67D6498624669011002EA505 /* Assets.xcassets in Resources */,
				67D6498424669010002EA505 /* Main.storyboard in Resources */,
			);
			runOnlyForDeploymentPostprocessing = 0;
		};
/* End PBXResourcesBuildPhase section */

/* Begin PBXShellScriptBuildPhase section */
		321F39A6204D6F82A486E0DD /* [CP] Embed Pods Frameworks */ = {
			isa = PBXShellScriptBuildPhase;
			buildActionMask = 2147483647;
			files = (
			);
			inputFileListPaths = (
				"${PODS_ROOT}/Target Support Files/Pods-DailyCal/Pods-DailyCal-frameworks-${CONFIGURATION}-input-files.xcfilelist",
			);
			name = "[CP] Embed Pods Frameworks";
			outputFileListPaths = (
				"${PODS_ROOT}/Target Support Files/Pods-DailyCal/Pods-DailyCal-frameworks-${CONFIGURATION}-output-files.xcfilelist",
			);
			runOnlyForDeploymentPostprocessing = 0;
			shellPath = /bin/sh;
			shellScript = "\"${PODS_ROOT}/Target Support Files/Pods-DailyCal/Pods-DailyCal-frameworks.sh\"\n";
			showEnvVarsInLog = 0;
		};
		54ECAD011D6DADC1D9AE0164 /* [CP] Copy Pods Resources */ = {
			isa = PBXShellScriptBuildPhase;
			buildActionMask = 2147483647;
			files = (
			);
			inputFileListPaths = (
				"${PODS_ROOT}/Target Support Files/Pods-DailyCal/Pods-DailyCal-resources-${CONFIGURATION}-input-files.xcfilelist",
			);
			name = "[CP] Copy Pods Resources";
			outputFileListPaths = (
				"${PODS_ROOT}/Target Support Files/Pods-DailyCal/Pods-DailyCal-resources-${CONFIGURATION}-output-files.xcfilelist",
			);
			runOnlyForDeploymentPostprocessing = 0;
			shellPath = /bin/sh;
			shellScript = "\"${PODS_ROOT}/Target Support Files/Pods-DailyCal/Pods-DailyCal-resources.sh\"\n";
			showEnvVarsInLog = 0;
		};
		D1C3A92B3731D454F82C0A2F /* [CP] Check Pods Manifest.lock */ = {
			isa = PBXShellScriptBuildPhase;
			buildActionMask = 2147483647;
			files = (
			);
			inputFileListPaths = (
			);
			inputPaths = (
				"${PODS_PODFILE_DIR_PATH}/Podfile.lock",
				"${PODS_ROOT}/Manifest.lock",
			);
			name = "[CP] Check Pods Manifest.lock";
			outputFileListPaths = (
			);
			outputPaths = (
				"$(DERIVED_FILE_DIR)/Pods-DailyCal-checkManifestLockResult.txt",
			);
			runOnlyForDeploymentPostprocessing = 0;
			shellPath = /bin/sh;
			shellScript = "diff \"${PODS_PODFILE_DIR_PATH}/Podfile.lock\" \"${PODS_ROOT}/Manifest.lock\" > /dev/null\nif [ $? != 0 ] ; then\n    # print error to STDERR\n    echo \"error: The sandbox is not in sync with the Podfile.lock. Run 'pod install' or update your CocoaPods installation.\" >&2\n    exit 1\nfi\n# This output is used by Xcode 'outputs' to avoid re-running this script phase.\necho \"SUCCESS\" > \"${SCRIPT_OUTPUT_FILE_0}\"\n";
			showEnvVarsInLog = 0;
		};
/* End PBXShellScriptBuildPhase section */

/* Begin PBXSourcesBuildPhase section */
		67D6497524669010002EA505 /* Sources */ = {
			isa = PBXSourcesBuildPhase;
			buildActionMask = 2147483647;
			files = (
				67D6498124669010002EA505 /* ViewController.swift in Sources */,
				67D64993246698E3002EA505 /* TableViewCell.swift in Sources */,
				6719489524CB05D600C3F5A6 /* Date+Addition.swift in Sources */,
				671948A324D576C000C3F5A6 /* CalendarListViewController+UITableViewDelegate.swift in Sources */,
				6719489724CB0D3D00C3F5A6 /* ViewController+UITableViewDelegate.swift in Sources */,
				671948A124D5748700C3F5A6 /* CalendarListViewController.swift in Sources */,
				67D6497D24669010002EA505 /* AppDelegate.swift in Sources */,
				67D6497F24669010002EA505 /* SceneDelegate.swift in Sources */,
			);
			runOnlyForDeploymentPostprocessing = 0;
		};
/* End PBXSourcesBuildPhase section */

/* Begin PBXVariantGroup section */
		67D6498224669010002EA505 /* Main.storyboard */ = {
			isa = PBXVariantGroup;
			children = (
				67D6498324669010002EA505 /* Base */,
			);
			name = Main.storyboard;
			sourceTree = "<group>";
		};
		67D6498724669011002EA505 /* LaunchScreen.storyboard */ = {
			isa = PBXVariantGroup;
			children = (
				67D6498824669011002EA505 /* Base */,
			);
			name = LaunchScreen.storyboard;
			sourceTree = "<group>";
		};
/* End PBXVariantGroup section */

/* Begin XCBuildConfiguration section */
		67D6498B24669011002EA505 /* Debug */ = {
			isa = XCBuildConfiguration;
			buildSettings = {
				ALWAYS_SEARCH_USER_PATHS = NO;
				CLANG_ANALYZER_NONNULL = YES;
				CLANG_ANALYZER_NUMBER_OBJECT_CONVERSION = YES_AGGRESSIVE;
				CLANG_CXX_LANGUAGE_STANDARD = "gnu++14";
				CLANG_CXX_LIBRARY = "libc++";
				CLANG_ENABLE_MODULES = YES;
				CLANG_ENABLE_OBJC_ARC = YES;
				CLANG_ENABLE_OBJC_WEAK = YES;
				CLANG_WARN_BLOCK_CAPTURE_AUTORELEASING = YES;
				CLANG_WARN_BOOL_CONVERSION = YES;
				CLANG_WARN_COMMA = YES;
				CLANG_WARN_CONSTANT_CONVERSION = YES;
				CLANG_WARN_DEPRECATED_OBJC_IMPLEMENTATIONS = YES;
				CLANG_WARN_DIRECT_OBJC_ISA_USAGE = YES_ERROR;
				CLANG_WARN_DOCUMENTATION_COMMENTS = YES;
				CLANG_WARN_EMPTY_BODY = YES;
				CLANG_WARN_ENUM_CONVERSION = YES;
				CLANG_WARN_INFINITE_RECURSION = YES;
				CLANG_WARN_INT_CONVERSION = YES;
				CLANG_WARN_NON_LITERAL_NULL_CONVERSION = YES;
				CLANG_WARN_OBJC_IMPLICIT_RETAIN_SELF = YES;
				CLANG_WARN_OBJC_LITERAL_CONVERSION = YES;
				CLANG_WARN_OBJC_ROOT_CLASS = YES_ERROR;
				CLANG_WARN_RANGE_LOOP_ANALYSIS = YES;
				CLANG_WARN_STRICT_PROTOTYPES = YES;
				CLANG_WARN_SUSPICIOUS_MOVE = YES;
				CLANG_WARN_UNGUARDED_AVAILABILITY = YES_AGGRESSIVE;
				CLANG_WARN_UNREACHABLE_CODE = YES;
				CLANG_WARN__DUPLICATE_METHOD_MATCH = YES;
				COPY_PHASE_STRIP = NO;
				DEBUG_INFORMATION_FORMAT = dwarf;
				ENABLE_STRICT_OBJC_MSGSEND = YES;
				ENABLE_TESTABILITY = YES;
				GCC_C_LANGUAGE_STANDARD = gnu11;
				GCC_DYNAMIC_NO_PIC = NO;
				GCC_NO_COMMON_BLOCKS = YES;
				GCC_OPTIMIZATION_LEVEL = 0;
				GCC_PREPROCESSOR_DEFINITIONS = (
					"DEBUG=1",
					"$(inherited)",
				);
				GCC_WARN_64_TO_32_BIT_CONVERSION = YES;
				GCC_WARN_ABOUT_RETURN_TYPE = YES_ERROR;
				GCC_WARN_UNDECLARED_SELECTOR = YES;
				GCC_WARN_UNINITIALIZED_AUTOS = YES_AGGRESSIVE;
				GCC_WARN_UNUSED_FUNCTION = YES;
				GCC_WARN_UNUSED_VARIABLE = YES;
				IPHONEOS_DEPLOYMENT_TARGET = 13.2;
				MTL_ENABLE_DEBUG_INFO = INCLUDE_SOURCE;
				MTL_FAST_MATH = YES;
				ONLY_ACTIVE_ARCH = YES;
				SDKROOT = iphoneos;
				SWIFT_ACTIVE_COMPILATION_CONDITIONS = DEBUG;
				SWIFT_OPTIMIZATION_LEVEL = "-Onone";
			};
			name = Debug;
		};
		67D6498C24669011002EA505 /* Release */ = {
			isa = XCBuildConfiguration;
			buildSettings = {
				ALWAYS_SEARCH_USER_PATHS = NO;
				CLANG_ANALYZER_NONNULL = YES;
				CLANG_ANALYZER_NUMBER_OBJECT_CONVERSION = YES_AGGRESSIVE;
				CLANG_CXX_LANGUAGE_STANDARD = "gnu++14";
				CLANG_CXX_LIBRARY = "libc++";
				CLANG_ENABLE_MODULES = YES;
				CLANG_ENABLE_OBJC_ARC = YES;
				CLANG_ENABLE_OBJC_WEAK = YES;
				CLANG_WARN_BLOCK_CAPTURE_AUTORELEASING = YES;
				CLANG_WARN_BOOL_CONVERSION = YES;
				CLANG_WARN_COMMA = YES;
				CLANG_WARN_CONSTANT_CONVERSION = YES;
				CLANG_WARN_DEPRECATED_OBJC_IMPLEMENTATIONS = YES;
				CLANG_WARN_DIRECT_OBJC_ISA_USAGE = YES_ERROR;
				CLANG_WARN_DOCUMENTATION_COMMENTS = YES;
				CLANG_WARN_EMPTY_BODY = YES;
				CLANG_WARN_ENUM_CONVERSION = YES;
				CLANG_WARN_INFINITE_RECURSION = YES;
				CLANG_WARN_INT_CONVERSION = YES;
				CLANG_WARN_NON_LITERAL_NULL_CONVERSION = YES;
				CLANG_WARN_OBJC_IMPLICIT_RETAIN_SELF = YES;
				CLANG_WARN_OBJC_LITERAL_CONVERSION = YES;
				CLANG_WARN_OBJC_ROOT_CLASS = YES_ERROR;
				CLANG_WARN_RANGE_LOOP_ANALYSIS = YES;
				CLANG_WARN_STRICT_PROTOTYPES = YES;
				CLANG_WARN_SUSPICIOUS_MOVE = YES;
				CLANG_WARN_UNGUARDED_AVAILABILITY = YES_AGGRESSIVE;
				CLANG_WARN_UNREACHABLE_CODE = YES;
				CLANG_WARN__DUPLICATE_METHOD_MATCH = YES;
				COPY_PHASE_STRIP = NO;
				DEBUG_INFORMATION_FORMAT = "dwarf-with-dsym";
				ENABLE_NS_ASSERTIONS = NO;
				ENABLE_STRICT_OBJC_MSGSEND = YES;
				GCC_C_LANGUAGE_STANDARD = gnu11;
				GCC_NO_COMMON_BLOCKS = YES;
				GCC_WARN_64_TO_32_BIT_CONVERSION = YES;
				GCC_WARN_ABOUT_RETURN_TYPE = YES_ERROR;
				GCC_WARN_UNDECLARED_SELECTOR = YES;
				GCC_WARN_UNINITIALIZED_AUTOS = YES_AGGRESSIVE;
				GCC_WARN_UNUSED_FUNCTION = YES;
				GCC_WARN_UNUSED_VARIABLE = YES;
				IPHONEOS_DEPLOYMENT_TARGET = 13.2;
				MTL_ENABLE_DEBUG_INFO = NO;
				MTL_FAST_MATH = YES;
				SDKROOT = iphoneos;
				SWIFT_COMPILATION_MODE = wholemodule;
				SWIFT_OPTIMIZATION_LEVEL = "-O";
				VALIDATE_PRODUCT = YES;
			};
			name = Release;
		};
		67D6498E24669011002EA505 /* Debug */ = {
			isa = XCBuildConfiguration;
			baseConfigurationReference = 1D45520BA290594DFA3FE652 /* Pods-DailyCal.debug.xcconfig */;
			buildSettings = {
				ASSETCATALOG_COMPILER_APPICON_NAME = AppIcon;
				CODE_SIGN_STYLE = Automatic;
				DEVELOPMENT_TEAM = KLJUJCKPYD;
				INFOPLIST_FILE = DailyCal/Info.plist;
				LD_RUNPATH_SEARCH_PATHS = (
					"$(inherited)",
					"@executable_path/Frameworks",
				);
				PRODUCT_BUNDLE_IDENTIFIER = com.118neko.DailyCal;
				PRODUCT_NAME = "$(TARGET_NAME)";
				SWIFT_VERSION = 5.0;
				TARGETED_DEVICE_FAMILY = "1,2";
			};
			name = Debug;
		};
		67D6498F24669011002EA505 /* Release */ = {
			isa = XCBuildConfiguration;
			baseConfigurationReference = 106725485CA4490C83A41934 /* Pods-DailyCal.release.xcconfig */;
			buildSettings = {
				ASSETCATALOG_COMPILER_APPICON_NAME = AppIcon;
				CODE_SIGN_STYLE = Automatic;
				DEVELOPMENT_TEAM = KLJUJCKPYD;
				INFOPLIST_FILE = DailyCal/Info.plist;
				LD_RUNPATH_SEARCH_PATHS = (
					"$(inherited)",
					"@executable_path/Frameworks",
				);
				PRODUCT_BUNDLE_IDENTIFIER = com.118neko.DailyCal;
				PRODUCT_NAME = "$(TARGET_NAME)";
				SWIFT_VERSION = 5.0;
				TARGETED_DEVICE_FAMILY = "1,2";
			};
			name = Release;
		};
/* End XCBuildConfiguration section */

/* Begin XCConfigurationList section */
		67D6497424669010002EA505 /* Build configuration list for PBXProject "DailyCal" */ = {
			isa = XCConfigurationList;
			buildConfigurations = (
				67D6498B24669011002EA505 /* Debug */,
				67D6498C24669011002EA505 /* Release */,
			);
			defaultConfigurationIsVisible = 0;
			defaultConfigurationName = Release;
		};
		67D6498D24669011002EA505 /* Build configuration list for PBXNativeTarget "DailyCal" */ = {
			isa = XCConfigurationList;
			buildConfigurations = (
				67D6498E24669011002EA505 /* Debug */,
				67D6498F24669011002EA505 /* Release */,
			);
			defaultConfigurationIsVisible = 0;
			defaultConfigurationName = Release;
		};
/* End XCConfigurationList section */
	};
	rootObject = 67D6497124669010002EA505 /* Project object */;
}
